
Microsoft Visual Studio Solution File, Format Version 12.00
# Visual Studio Version 17
VisualStudioVersion = 17.11.35327.3
MinimumVisualStudioVersion = 10.0.40219.1
Project("{FAE04EC0-301F-11D3-BF4B-00C04F79EFBC}") = "BookMoth-Api-With-C#", "BookMoth-Api-With-C#.csproj", "{BD0114A0-432C-4827-8382-4EE3A08B6B16}"
EndProject
Global
	GlobalSection(SolutionConfigurationPlatforms) = preSolution
		Debug|Any CPU = Debug|Any CPU
		Release|Any CPU = Release|Any CPU
	EndGlobalSection
	GlobalSection(ProjectConfigurationPlatforms) = postSolution
		{BD0114A0-432C-4827-8382-4EE3A08B6B16}.Debug|Any CPU.ActiveCfg = Debug|Any CPU
		{BD0114A0-432C-4827-8382-4EE3A08B6B16}.Debug|Any CPU.Build.0 = Debug|Any CPU
		{BD0114A0-432C-4827-8382-4EE3A08B6B16}.Release|Any CPU.ActiveCfg = Release|Any CPU
		{BD0114A0-432C-4827-8382-4EE3A08B6B16}.Release|Any CPU.Build.0 = Release|Any CPU
	EndGlobalSection
	GlobalSection(SolutionProperties) = preSolution
		HideSolutionNode = FALSE
	EndGlobalSection
	GlobalSection(ExtensibilityGlobals) = postSolution
		SolutionGuid = {9521719D-DD7D-4499-B85B-F642CEED12CC}
	EndGlobalSection
EndGlobal
